# This file is autogenerated, do not edit; changes may be undone by the next 'dep ensure'.


[[projects]]
  branch = "master"
  digest = "1:b725a4dab0b2675f31f9bddbec4fd3853a27514b9b5b8a020c6abadf2b1f33c0"
  name = "github.com/LightningPeach/hub"
  packages = ["storage"]
  pruneopts = "UT"
  revision = "1a36fb1bbf88acfa61475e74acf3d43ee9eac657"

[[projects]]
  digest = "1:2c00f064ba355903866cbfbf3f7f4c0fe64af6638cc7d1b8bdcf3181bc67f1d8"
  name = "github.com/btcsuite/btcd"
  packages = ["btcec"]
  pruneopts = "UT"
  revision = "79e00513b1011888b1e675157ab89f527f901cae"

[[projects]]
  digest = "1:31e761d97c76151dde79e9d28964a812c46efc5baee4085b86f68f0c654450de"
  name = "github.com/konsorten/go-windows-terminal-sequences"
  packages = ["."]
  pruneopts = "UT"
  revision = "f55edac94c9bbba5d6182a4be46d86a2c9b5b50e"
  version = "v1.0.2"

[[projects]]
  digest = "1:87c2e02fb01c27060ccc5ba7c5a407cc91147726f8f40b70cceeedbc52b1f3a8"
  name = "github.com/sirupsen/logrus"
  packages = ["."]
  pruneopts = "UT"
  revision = "e1e72e9de974bd926e5c56f83753fba2df402ce5"
  version = "v1.3.0"

[[projects]]
  branch = "master"
  digest = "1:058e9504b9a79bfe86092974d05bb3298d2aa0c312d266d43148de289a5065d9"
  name = "golang.org/x/crypto"
  packages = ["ssh/terminal"]
  pruneopts = "UT"
  revision = "c2843e01d9a2bc60bb26ad24e09734fdc2d9ec58"

[[projects]]
  branch = "master"
  digest = "1:85cd5224b89829559e8327ba2e52e0df72638d33cf3082b066ea9dea34391e2f"
  name = "golang.org/x/sys"
  packages = [
    "unix",
    "windows",
  ]
  pruneopts = "UT"
  revision = "10058d7d4faa7dd5ef860cbd31af00903076e7b8"

[[projects]]
  branch = "v2"
  digest = "1:988de7520a09024d5d94cd99bd545afbf194893994ec759b1cda0a0bbb6adb80"
  name = "gopkg.in/mgo.v2"
  packages = [
    ".",
    "bson",
    "internal/json",
    "internal/sasl",
    "internal/scram",
  ]
  pruneopts = "UT"
  revision = "9856a29383ce1c59f308dd1cf0363a79b5bef6b5"

[[projects]]
  branch = "(default)"
  digest = "1:c07b3af801fce1598c1c7c6ae3665b17cdbf4f3b021c6d24c592f805f51a6d42"
  name = "labix.org/v2/mgo"
  packages = [
    ".",
    "bson",
    "sasl",
    "txn",
  ]
  pruneopts = "UT"
  revision = "gustavo@niemeyer.net-20140701140051-90be2tvk93pcczzi"

[solve-meta]
  analyzer-name = "dep"
  analyzer-version = 1
  input-imports = [
    "github.com/LightningPeach/hub/storage",
    "github.com/sirupsen/logrus",
    "labix.org/v2/mgo",
    "labix.org/v2/mgo/bson",
    "labix.org/v2/mgo/txn",
  ]
  solver-name = "gps-cdcl"
  solver-version = 1
